{
  "requires": true,
  "lockfileVersion": 1,
  "dependencies": {
    "liquid": {
      "version": "4.0.1",
      "resolved": "https://registry.npmjs.org/liquid/-/liquid-4.0.1.tgz",
      "integrity": "sha512-V6udjBJ/EHg3ShOm6+tIkKn0Oi1ajyJ0gN9ghgIU9d/zpzNsEEZazbsLlpHecjbSB/A2Zi2aCnMNZPJNOjAMOw==",
      "requires": {
        "strftime": "0.9.2"
      }
    },
    "liquidjs": {
      "version": "9.11.10",
      "resolved": "https://registry.npmjs.org/liquidjs/-/liquidjs-9.11.10.tgz",
      "integrity": "sha512-ujDOoesvbfz6UiCvx5+TpEYTAeT4KV6jF2I/67lUnR8Uj3m3djpEpGxOzcmLlz2v/VvOejYm8snc5xo9FMOZ9w=="
    },
    "strftime": {
      "version": "0.9.2",
      "resolved": "https://registry.npmjs.org/strftime/-/strftime-0.9.2.tgz",
      "integrity": "sha1-vMooYfKUVtNyqvaheBHIvG859YM="
    }
  }
}
